// !$*UTF8*$!
{
	archiveVersion = 1;
	classes = {
	};
	objectVersion = 46;
	objects = {

/* Begin PBXBuildFile section */
		CE3EDE081CB6943C00EF77C2 /* AppDelegate.swift in Sources */ = {isa = PBXBuildFile; fileRef = CE3EDE071CB6943C00EF77C2 /* AppDelegate.swift */; };
		CE3EDE0F1CB6943C00EF77C2 /* Main.storyboard in Resources */ = {isa = PBXBuildFile; fileRef = CE3EDE0D1CB6943C00EF77C2 /* Main.storyboard */; };
		CE3EDE111CB6943C00EF77C2 /* Assets.xcassets in Resources */ = {isa = PBXBuildFile; fileRef = CE3EDE101CB6943C00EF77C2 /* Assets.xcassets */; };
		CE3EDE141CB6943C00EF77C2 /* LaunchScreen.storyboard in Resources */ = {isa = PBXBuildFile; fileRef = CE3EDE121CB6943C00EF77C2 /* LaunchScreen.storyboard */; };
		CE3EDE1E1CB7DEF200EF77C2 /* CreateEventViewController.swift in Sources */ = {isa = PBXBuildFile; fileRef = CE3EDE1D1CB7DEF200EF77C2 /* CreateEventViewController.swift */; };
		CE3EDE201CB7DFA300EF77C2 /* CreateListViewController.swift in Sources */ = {isa = PBXBuildFile; fileRef = CE3EDE1F1CB7DFA300EF77C2 /* CreateListViewController.swift */; };
		CE3EDE221CB7E05D00EF77C2 /* EventsViewController.swift in Sources */ = {isa = PBXBuildFile; fileRef = CE3EDE211CB7E05D00EF77C2 /* EventsViewController.swift */; };
		CE3EDE241CB7E07400EF77C2 /* ListsViewController.swift in Sources */ = {isa = PBXBuildFile; fileRef = CE3EDE231CB7E07400EF77C2 /* ListsViewController.swift */; };
/* End PBXBuildFile section */

/* Begin PBXFileReference section */
		CE3EDE041CB6943C00EF77C2 /* RaffleHat.app */ = {isa = PBXFileReference; explicitFileType = wrapper.application; includeInIndex = 0; path = RaffleHat.app; sourceTree = BUILT_PRODUCTS_DIR; };
		CE3EDE071CB6943C00EF77C2 /* AppDelegate.swift */ = {isa = PBXFileReference; lastKnownFileType = sourcecode.swift; path = AppDelegate.swift; sourceTree = "<group>"; };
		CE3EDE0E1CB6943C00EF77C2 /* Base */ = {isa = PBXFileReference; lastKnownFileType = file.storyboard; name = Base; path = Base.lproj/Main.storyboard; sourceTree = "<group>"; };
		CE3EDE101CB6943C00EF77C2 /* Assets.xcassets */ = {isa = PBXFileReference; lastKnownFileType = folder.assetcatalog; path = Assets.xcassets; sourceTree = "<group>"; };
		CE3EDE131CB6943C00EF77C2 /* Base */ = {isa = PBXFileReference; lastKnownFileType = file.storyboard; name = Base; path = Base.lproj/LaunchScreen.storyboard; sourceTree = "<group>"; };
		CE3EDE151CB6943C00EF77C2 /* Info.plist */ = {isa = PBXFileReference; lastKnownFileType = text.plist.xml; path = Info.plist; sourceTree = "<group>"; };
		CE3EDE1D1CB7DEF200EF77C2 /* CreateEventViewController.swift */ = {isa = PBXFileReference; fileEncoding = 4; lastKnownFileType = sourcecode.swift; path = CreateEventViewController.swift; sourceTree = "<group>"; };
		CE3EDE1F1CB7DFA300EF77C2 /* CreateListViewController.swift */ = {isa = PBXFileReference; fileEncoding = 4; lastKnownFileType = sourcecode.swift; path = CreateListViewController.swift; sourceTree = "<group>"; };
		CE3EDE211CB7E05D00EF77C2 /* EventsViewController.swift */ = {isa = PBXFileReference; fileEncoding = 4; lastKnownFileType = sourcecode.swift; path = EventsViewController.swift; sourceTree = "<group>"; };
		CE3EDE231CB7E07400EF77C2 /* ListsViewController.swift */ = {isa = PBXFileReference; fileEncoding = 4; lastKnownFileType = sourcecode.swift; path = ListsViewController.swift; sourceTree = "<group>"; };
/* End PBXFileReference section */

/* Begin PBXFrameworksBuildPhase section */
		CE3EDE011CB6943C00EF77C2 /* Frameworks */ = {
			isa = PBXFrameworksBuildPhase;
			buildActionMask = 2147483647;
			files = (
			);
			runOnlyForDeploymentPostprocessing = 0;
		};
/* End PBXFrameworksBuildPhase section */

/* Begin PBXGroup section */
		CE3EDDFB1CB6943C00EF77C2 = {
			isa = PBXGroup;
			children = (
				CE3EDE061CB6943C00EF77C2 /* RaffleHat */,
				CE3EDE051CB6943C00EF77C2 /* Products */,
			);
			sourceTree = "<group>";
		};
		CE3EDE051CB6943C00EF77C2 /* Products */ = {
			isa = PBXGroup;
			children = (
				CE3EDE041CB6943C00EF77C2 /* RaffleHat.app */,
			);
			name = Products;
			sourceTree = "<group>";
		};
		CE3EDE061CB6943C00EF77C2 /* RaffleHat */ = {
			isa = PBXGroup;
			children = (
				CE3EDE071CB6943C00EF77C2 /* AppDelegate.swift */,
				CE3EDE231CB7E07400EF77C2 /* ListsViewController.swift */,
				CE3EDE211CB7E05D00EF77C2 /* EventsViewController.swift */,
				CE3EDE1D1CB7DEF200EF77C2 /* CreateEventViewController.swift */,
				CE3EDE1F1CB7DFA300EF77C2 /* CreateListViewController.swift */,
				CE3EDE0D1CB6943C00EF77C2 /* Main.storyboard */,
				CE3EDE101CB6943C00EF77C2 /* Assets.xcassets */,
				CE3EDE121CB6943C00EF77C2 /* LaunchScreen.storyboard */,
				CE3EDE151CB6943C00EF77C2 /* Info.plist */,
			);
			path = RaffleHat;
			sourceTree = "<group>";
		};
/* End PBXGroup section */

/* Begin PBXNativeTarget section */
		CE3EDE031CB6943C00EF77C2 /* RaffleHat */ = {
			isa = PBXNativeTarget;
			buildConfigurationList = CE3EDE181CB6943C00EF77C2 /* Build configuration list for PBXNativeTarget "RaffleHat" */;
			buildPhases = (
				CE3EDE001CB6943C00EF77C2 /* Sources */,
				CE3EDE011CB6943C00EF77C2 /* Frameworks */,
				CE3EDE021CB6943C00EF77C2 /* Resources */,
			);
			buildRules = (
			);
			dependencies = (
			);
			name = RaffleHat;
			productName = RaffleHat;
			productReference = CE3EDE041CB6943C00EF77C2 /* RaffleHat.app */;
			productType = "com.apple.product-type.application";
		};
/* End PBXNativeTarget section */

/* Begin PBXProject section */
		CE3EDDFC1CB6943C00EF77C2 /* Project object */ = {
			isa = PBXProject;
			attributes = {
				LastSwiftUpdateCheck = 0730;
				LastUpgradeCheck = 0730;
				ORGANIZATIONNAME = GabeCabrera;
				TargetAttributes = {
					CE3EDE031CB6943C00EF77C2 = {
						CreatedOnToolsVersion = 7.3;
						DevelopmentTeam = 6H9GA97XDD;
					};
				};
			};
			buildConfigurationList = CE3EDDFF1CB6943C00EF77C2 /* Build configuration list for PBXProject "RaffleHat" */;
			compatibilityVersion = "Xcode 3.2";
			developmentRegion = English;
			hasScannedForEncodings = 0;
			knownRegions = (
				en,
				Base,
			);
			mainGroup = CE3EDDFB1CB6943C00EF77C2;
			productRefGroup = CE3EDE051CB6943C00EF77C2 /* Products */;
			projectDirPath = "";
			projectRoot = "";
			targets = (
				CE3EDE031CB6943C00EF77C2 /* RaffleHat */,
			);
		};
/* End PBXProject section */

/* Begin PBXResourcesBuildPhase section */
		CE3EDE021CB6943C00EF77C2 /* Resources */ = {
			isa = PBXResourcesBuildPhase;
			buildActionMask = 2147483647;
			files = (
				CE3EDE141CB6943C00EF77C2 /* LaunchScreen.storyboard in Resources */,
				CE3EDE111CB6943C00EF77C2 /* Assets.xcassets in Resources */,
				CE3EDE0F1CB6943C00EF77C2 /* Main.storyboard in Resources */,
			);
			runOnlyForDeploymentPostprocessing = 0;
		};
/* End PBXResourcesBuildPhase section */

/* Begin PBXSourcesBuildPhase section */
		CE3EDE001CB6943C00EF77C2 /* Sources */ = {
			isa = PBXSourcesBuildPhase;
			buildActionMask = 2147483647;
			files = (
				CE3EDE081CB6943C00EF77C2 /* AppDelegate.swift in Sources */,
				CE3EDE221CB7E05D00EF77C2 /* EventsViewController.swift in Sources */,
				CE3EDE201CB7DFA300EF77C2 /* CreateListViewController.swift in Sources */,
				CE3EDE1E1CB7DEF200EF77C2 /* CreateEventViewController.swift in Sources */,
				CE3EDE241CB7E07400EF77C2 /* ListsViewController.swift in Sources */,
			);
			runOnlyForDeploymentPostprocessing = 0;
		};
/* End PBXSourcesBuildPhase section */

/* Begin PBXVariantGroup section */
		CE3EDE0D1CB6943C00EF77C2 /* Main.storyboard */ = {
			isa = PBXVariantGroup;
			children = (
				CE3EDE0E1CB6943C00EF77C2 /* Base */,
			);
			name = Main.storyboard;
			sourceTree = "<group>";
		};
		CE3EDE121CB6943C00EF77C2 /* LaunchScreen.storyboard */ = {
			isa = PBXVariantGroup;
			children = (
				CE3EDE131CB6943C00EF77C2 /* Base */,
			);
			name = LaunchScreen.storyboard;
			sourceTree = "<group>";
		};
/* End PBXVariantGroup section */

/* Begin XCBuildConfiguration section */
		CE3EDE161CB6943C00EF77C2 /* Debug */ = {
			isa = XCBuildConfiguration;
			buildSettings = {
				ALWAYS_SEARCH_USER_PATHS = NO;
				CLANG_ANALYZER_NONNULL = YES;
				CLANG_CXX_LANGUAGE_STANDARD = "gnu++0x";
				CLANG_CXX_LIBRARY = "libc++";
				CLANG_ENABLE_MODULES = YES;
				CLANG_ENABLE_OBJC_ARC = YES;
				CLANG_WARN_BOOL_CONVERSION = YES;
				CLANG_WARN_CONSTANT_CONVERSION = YES;
				CLANG_WARN_DIRECT_OBJC_ISA_USAGE = YES_ERROR;
				CLANG_WARN_EMPTY_BODY = YES;
				CLANG_WARN_ENUM_CONVERSION = YES;
				CLANG_WARN_INT_CONVERSION = YES;
				CLANG_WARN_OBJC_ROOT_CLASS = YES_ERROR;
				CLANG_WARN_UNREACHABLE_CODE = YES;
				CLANG_WARN__DUPLICATE_METHOD_MATCH = YES;
				"CODE_SIGN_IDENTITY[sdk=iphoneos*]" = "iPhone Developer";
				COPY_PHASE_STRIP = NO;
				DEBUG_INFORMATION_FORMAT = dwarf;
				ENABLE_STRICT_OBJC_MSGSEND = YES;
				ENABLE_TESTABILITY = YES;
				GCC_C_LANGUAGE_STANDARD = gnu99;
				GCC_DYNAMIC_NO_PIC = NO;
				GCC_NO_COMMON_BLOCKS = YES;
				GCC_OPTIMIZATION_LEVEL = 0;
				GCC_PREPROCESSOR_DEFINITIONS = (
					"DEBUG=1",
					"$(inherited)",
				);
				GCC_WARN_64_TO_32_BIT_CONVERSION = YES;
				GCC_WARN_ABOUT_RETURN_TYPE = YES_ERROR;
				GCC_WARN_UNDECLARED_SELECTOR = YES;
				GCC_WARN_UNINITIALIZED_AUTOS = YES_AGGRESSIVE;
				GCC_WARN_UNUSED_FUNCTION = YES;
				GCC_WARN_UNUSED_VARIABLE = YES;
				IPHONEOS_DEPLOYMENT_TARGET = 9.3;
				MTL_ENABLE_DEBUG_INFO = YES;
				ONLY_ACTIVE_ARCH = YES;
				SDKROOT = iphoneos;
				SWIFT_OPTIMIZATION_LEVEL = "-Onone";
			};
			name = Debug;
		};
		CE3EDE171CB6943C00EF77C2 /* Release */ = {
			isa = XCBuildConfiguration;
			buildSettings = {
				ALWAYS_SEARCH_USER_PATHS = NO;
				CLANG_ANALYZER_NONNULL = YES;
				CLANG_CXX_LANGUAGE_STANDARD = "gnu++0x";
				CLANG_CXX_LIBRARY = "libc++";
				CLANG_ENABLE_MODULES = YES;
				CLANG_ENABLE_OBJC_ARC = YES;
				CLANG_WARN_BOOL_CONVERSION = YES;
				CLANG_WARN_CONSTANT_CONVERSION = YES;
				CLANG_WARN_DIRECT_OBJC_ISA_USAGE = YES_ERROR;
				CLANG_WARN_EMPTY_BODY = YES;
				CLANG_WARN_ENUM_CONVERSION = YES;
				CLANG_WARN_INT_CONVERSION = YES;
				CLANG_WARN_OBJC_ROOT_CLASS = YES_ERROR;
				CLANG_WARN_UNREACHABLE_CODE = YES;
				CLANG_WARN__DUPLICATE_METHOD_MATCH = YES;
				"CODE_SIGN_IDENTITY[sdk=iphoneos*]" = "iPhone Developer";
				COPY_PHASE_STRIP = NO;
				DEBUG_INFORMATION_FORMAT = "dwarf-with-dsym";
				ENABLE_NS_ASSERTIONS = NO;
				ENABLE_STRICT_OBJC_MSGSEND = YES;
				GCC_C_LANGUAGE_STANDARD = gnu99;
				GCC_NO_COMMON_BLOCKS = YES;
				GCC_WARN_64_TO_32_BIT_CONVERSION = YES;
				GCC_WARN_ABOUT_RETURN_TYPE = YES_ERROR;
				GCC_WARN_UNDECLARED_SELECTOR = YES;
				GCC_WARN_UNINITIALIZED_AUTOS = YES_AGGRESSIVE;
				GCC_WARN_UNUSED_FUNCTION = YES;
				GCC_WARN_UNUSED_VARIABLE = YES;
				IPHONEOS_DEPLOYMENT_TARGET = 9.3;
				MTL_ENABLE_DEBUG_INFO = NO;
				SDKROOT = iphoneos;
				VALIDATE_PRODUCT = YES;
			};
			name = Release;
		};
		CE3EDE191CB6943C00EF77C2 /* Debug */ = {
			isa = XCBuildConfiguration;
			buildSettings = {
				ASSETCATALOG_COMPILER_APPICON_NAME = AppIcon;
				INFOPLIST_FILE = RaffleHat/Info.plist;
				LD_RUNPATH_SEARCH_PATHS = "$(inherited) @executable_path/Frameworks";
				PRODUCT_BUNDLE_IDENTIFIER = com.damerita.RaffleHat;
				PRODUCT_NAME = "$(TARGET_NAME)";
			};
			name = Debug;
		};
		CE3EDE1A1CB6943C00EF77C2 /* Release */ = {
			isa = XCBuildConfiguration;
			buildSettings = {
				ASSETCATALOG_COMPILER_APPICON_NAME = AppIcon;
				INFOPLIST_FILE = RaffleHat/Info.plist;
				LD_RUNPATH_SEARCH_PATHS = "$(inherited) @executable_path/Frameworks";
				PRODUCT_BUNDLE_IDENTIFIER = com.damerita.RaffleHat;
				PRODUCT_NAME = "$(TARGET_NAME)";
			};
			name = Release;
		};
/* End XCBuildConfiguration section */

/* Begin XCConfigurationList section */
		CE3EDDFF1CB6943C00EF77C2 /* Build configuration list for PBXProject "RaffleHat" */ = {
			isa = XCConfigurationList;
			buildConfigurations = (
				CE3EDE161CB6943C00EF77C2 /* Debug */,
				CE3EDE171CB6943C00EF77C2 /* Release */,
			);
			defaultConfigurationIsVisible = 0;
			defaultConfigurationName = Release;
		};
		CE3EDE181CB6943C00EF77C2 /* Build configuration list for PBXNativeTarget "RaffleHat" */ = {
			isa = XCConfigurationList;
			buildConfigurations = (
				CE3EDE191CB6943C00EF77C2 /* Debug */,
				CE3EDE1A1CB6943C00EF77C2 /* Release */,
			);
			defaultConfigurationIsVisible = 0;
			defaultConfigurationName = Release;
		};
/* End XCConfigurationList section */
	};
	rootObject = CE3EDDFC1CB6943C00EF77C2 /* Project object */;
}
